// !$*UTF8*$!
{
	archiveVersion = 1;
	classes = {
	};
	objectVersion = 50;
	objects = {

/* Begin PBXBuildFile section */
		C322613B228256980096FD05 /* KubeConfig.swift in Sources */ = {isa = PBXBuildFile; fileRef = C322613A228256980096FD05 /* KubeConfig.swift */; };
		C322613D2282589C0096FD05 /* YamlReader.swift in Sources */ = {isa = PBXBuildFile; fileRef = C322613C2282589C0096FD05 /* YamlReader.swift */; };
		C3A5C88B2279E89400BF77B2 /* AppDelegate.swift in Sources */ = {isa = PBXBuildFile; fileRef = C3A5C88A2279E89400BF77B2 /* AppDelegate.swift */; };
		C3A5C88F2279E89600BF77B2 /* Assets.xcassets in Resources */ = {isa = PBXBuildFile; fileRef = C3A5C88E2279E89600BF77B2 /* Assets.xcassets */; };
		C3A5C8922279E89600BF77B2 /* Main.storyboard in Resources */ = {isa = PBXBuildFile; fileRef = C3A5C8902279E89600BF77B2 /* Main.storyboard */; };
		D95372B2AB46BBBE63431498 /* Pods_KubeSwitch.framework in Frameworks */ = {isa = PBXBuildFile; fileRef = CFA4397A5906F707187EF4AC /* Pods_KubeSwitch.framework */; };
/* End PBXBuildFile section */

/* Begin PBXFileReference section */
		1FF5038B5794241CAAD05FC2 /* Pods-KubeSwitch.release.xcconfig */ = {isa = PBXFileReference; includeInIndex = 1; lastKnownFileType = text.xcconfig; name = "Pods-KubeSwitch.release.xcconfig"; path = "Target Support Files/Pods-KubeSwitch/Pods-KubeSwitch.release.xcconfig"; sourceTree = "<group>"; };
		8AC4FBE71E63809CB12BF808 /* Pods-KubeSwitch.debug.xcconfig */ = {isa = PBXFileReference; includeInIndex = 1; lastKnownFileType = text.xcconfig; name = "Pods-KubeSwitch.debug.xcconfig"; path = "Target Support Files/Pods-KubeSwitch/Pods-KubeSwitch.debug.xcconfig"; sourceTree = "<group>"; };
		C322613A228256980096FD05 /* KubeConfig.swift */ = {isa = PBXFileReference; lastKnownFileType = sourcecode.swift; path = KubeConfig.swift; sourceTree = "<group>"; };
		C322613C2282589C0096FD05 /* YamlReader.swift */ = {isa = PBXFileReference; lastKnownFileType = sourcecode.swift; path = YamlReader.swift; sourceTree = "<group>"; };
		C3A5C8872279E89400BF77B2 /* KubeSwitch.app */ = {isa = PBXFileReference; explicitFileType = wrapper.application; includeInIndex = 0; path = KubeSwitch.app; sourceTree = BUILT_PRODUCTS_DIR; };
		C3A5C88A2279E89400BF77B2 /* AppDelegate.swift */ = {isa = PBXFileReference; lastKnownFileType = sourcecode.swift; path = AppDelegate.swift; sourceTree = "<group>"; };
		C3A5C88E2279E89600BF77B2 /* Assets.xcassets */ = {isa = PBXFileReference; lastKnownFileType = folder.assetcatalog; path = Assets.xcassets; sourceTree = "<group>"; };
		C3A5C8912279E89600BF77B2 /* Base */ = {isa = PBXFileReference; lastKnownFileType = file.storyboard; name = Base; path = Base.lproj/Main.storyboard; sourceTree = "<group>"; };
		C3A5C8932279E89600BF77B2 /* Info.plist */ = {isa = PBXFileReference; lastKnownFileType = text.plist.xml; path = Info.plist; sourceTree = "<group>"; };
		C3A5C8942279E89600BF77B2 /* KubeSwitch.entitlements */ = {isa = PBXFileReference; lastKnownFileType = text.plist.entitlements; path = KubeSwitch.entitlements; sourceTree = "<group>"; };
		CFA4397A5906F707187EF4AC /* Pods_KubeSwitch.framework */ = {isa = PBXFileReference; explicitFileType = wrapper.framework; includeInIndex = 0; path = Pods_KubeSwitch.framework; sourceTree = BUILT_PRODUCTS_DIR; };
/* End PBXFileReference section */

/* Begin PBXFrameworksBuildPhase section */
		C3A5C8842279E89400BF77B2 /* Frameworks */ = {
			isa = PBXFrameworksBuildPhase;
			buildActionMask = 2147483647;
			files = (
				D95372B2AB46BBBE63431498 /* Pods_KubeSwitch.framework in Frameworks */,
			);
			runOnlyForDeploymentPostprocessing = 0;
		};
/* End PBXFrameworksBuildPhase section */

/* Begin PBXGroup section */
		769C0318DF4A6827A8EBFA15 /* Frameworks */ = {
			isa = PBXGroup;
			children = (
				CFA4397A5906F707187EF4AC /* Pods_KubeSwitch.framework */,
			);
			name = Frameworks;
			sourceTree = "<group>";
		};
		BF00EC32E069ED72CE6B657F /* Pods */ = {
			isa = PBXGroup;
			children = (
				8AC4FBE71E63809CB12BF808 /* Pods-KubeSwitch.debug.xcconfig */,
				1FF5038B5794241CAAD05FC2 /* Pods-KubeSwitch.release.xcconfig */,
			);
			path = Pods;
			sourceTree = "<group>";
		};
		C3A5C87E2279E89400BF77B2 = {
			isa = PBXGroup;
			children = (
				C3A5C8892279E89400BF77B2 /* KubeSwitch */,
				C3A5C8882279E89400BF77B2 /* Products */,
				BF00EC32E069ED72CE6B657F /* Pods */,
				769C0318DF4A6827A8EBFA15 /* Frameworks */,
			);
			sourceTree = "<group>";
		};
		C3A5C8882279E89400BF77B2 /* Products */ = {
			isa = PBXGroup;
			children = (
				C3A5C8872279E89400BF77B2 /* KubeSwitch.app */,
			);
			name = Products;
			sourceTree = "<group>";
		};
		C3A5C8892279E89400BF77B2 /* KubeSwitch */ = {
			isa = PBXGroup;
			children = (
				C3A5C88A2279E89400BF77B2 /* AppDelegate.swift */,
				C322613C2282589C0096FD05 /* YamlReader.swift */,
				C322613A228256980096FD05 /* KubeConfig.swift */,
				C3A5C88E2279E89600BF77B2 /* Assets.xcassets */,
				C3A5C8902279E89600BF77B2 /* Main.storyboard */,
				C3A5C8932279E89600BF77B2 /* Info.plist */,
				C3A5C8942279E89600BF77B2 /* KubeSwitch.entitlements */,
			);
			path = KubeSwitch;
			sourceTree = "<group>";
		};
/* End PBXGroup section */

/* Begin PBXNativeTarget section */
		C3A5C8862279E89400BF77B2 /* KubeSwitch */ = {
			isa = PBXNativeTarget;
			buildConfigurationList = C3A5C8972279E89600BF77B2 /* Build configuration list for PBXNativeTarget "KubeSwitch" */;
			buildPhases = (
				D6C8FBDDD72556DFA00D6367 /* [CP] Check Pods Manifest.lock */,
				C3A5C8832279E89400BF77B2 /* Sources */,
				C3A5C8842279E89400BF77B2 /* Frameworks */,
				C3A5C8852279E89400BF77B2 /* Resources */,
				258154B2D4A837D37156D0E8 /* [CP] Embed Pods Frameworks */,
			);
			buildRules = (
			);
			dependencies = (
			);
			name = KubeSwitch;
			productName = KubeSwitch;
			productReference = C3A5C8872279E89400BF77B2 /* KubeSwitch.app */;
			productType = "com.apple.product-type.application";
		};
/* End PBXNativeTarget section */

/* Begin PBXProject section */
		C3A5C87F2279E89400BF77B2 /* Project object */ = {
			isa = PBXProject;
			attributes = {
				LastSwiftUpdateCheck = 1010;
				LastUpgradeCheck = 1010;
				ORGANIZATIONNAME = "KubeHive LLC";
				TargetAttributes = {
					C3A5C8862279E89400BF77B2 = {
						CreatedOnToolsVersion = 10.1;
						LastSwiftMigration = 1010;
						SystemCapabilities = {
							com.apple.Sandbox = {
								enabled = 0;
							};
						};
					};
				};
			};
			buildConfigurationList = C3A5C8822279E89400BF77B2 /* Build configuration list for PBXProject "KubeSwitch" */;
			compatibilityVersion = "Xcode 9.3";
			developmentRegion = en;
			hasScannedForEncodings = 0;
			knownRegions = (
				en,
				Base,
			);
			mainGroup = C3A5C87E2279E89400BF77B2;
			productRefGroup = C3A5C8882279E89400BF77B2 /* Products */;
			projectDirPath = "";
			projectRoot = "";
			targets = (
				C3A5C8862279E89400BF77B2 /* KubeSwitch */,
			);
		};
/* End PBXProject section */

/* Begin PBXResourcesBuildPhase section */
		C3A5C8852279E89400BF77B2 /* Resources */ = {
			isa = PBXResourcesBuildPhase;
			buildActionMask = 2147483647;
			files = (
				C3A5C88F2279E89600BF77B2 /* Assets.xcassets in Resources */,
				C3A5C8922279E89600BF77B2 /* Main.storyboard in Resources */,
			);
			runOnlyForDeploymentPostprocessing = 0;
		};
/* End PBXResourcesBuildPhase section */

/* Begin PBXShellScriptBuildPhase section */
		258154B2D4A837D37156D0E8 /* [CP] Embed Pods Frameworks */ = {
			isa = PBXShellScriptBuildPhase;
			buildActionMask = 2147483647;
			files = (
			);
			inputFileListPaths = (
			);
			inputPaths = (
				"${PODS_ROOT}/Target Support Files/Pods-KubeSwitch/Pods-KubeSwitch-frameworks.sh",
				"${BUILT_PRODUCTS_DIR}/Yams/Yams.framework",
			);
			name = "[CP] Embed Pods Frameworks";
			outputFileListPaths = (
			);
			outputPaths = (
				"${TARGET_BUILD_DIR}/${FRAMEWORKS_FOLDER_PATH}/Yams.framework",
			);
			runOnlyForDeploymentPostprocessing = 0;
			shellPath = /bin/sh;
			shellScript = "\"${PODS_ROOT}/Target Support Files/Pods-KubeSwitch/Pods-KubeSwitch-frameworks.sh\"\n";
			showEnvVarsInLog = 0;
		};
		D6C8FBDDD72556DFA00D6367 /* [CP] Check Pods Manifest.lock */ = {
			isa = PBXShellScriptBuildPhase;
			buildActionMask = 2147483647;
			files = (
			);
			inputFileListPaths = (
			);
			inputPaths = (
				"${PODS_PODFILE_DIR_PATH}/Podfile.lock",
				"${PODS_ROOT}/Manifest.lock",
			);
			name = "[CP] Check Pods Manifest.lock";
			outputFileListPaths = (
			);
			outputPaths = (
				"$(DERIVED_FILE_DIR)/Pods-KubeSwitch-checkManifestLockResult.txt",
			);
			runOnlyForDeploymentPostprocessing = 0;
			shellPath = /bin/sh;
			shellScript = "diff \"${PODS_PODFILE_DIR_PATH}/Podfile.lock\" \"${PODS_ROOT}/Manifest.lock\" > /dev/null\nif [ $? != 0 ] ; then\n    # print error to STDERR\n    echo \"error: The sandbox is not in sync with the Podfile.lock. Run 'pod install' or update your CocoaPods installation.\" >&2\n    exit 1\nfi\n# This output is used by Xcode 'outputs' to avoid re-running this script phase.\necho \"SUCCESS\" > \"${SCRIPT_OUTPUT_FILE_0}\"\n";
			showEnvVarsInLog = 0;
		};
/* End PBXShellScriptBuildPhase section */

/* Begin PBXSourcesBuildPhase section */
		C3A5C8832279E89400BF77B2 /* Sources */ = {
			isa = PBXSourcesBuildPhase;
			buildActionMask = 2147483647;
			files = (
				C322613D2282589C0096FD05 /* YamlReader.swift in Sources */,
				C322613B228256980096FD05 /* KubeConfig.swift in Sources */,
				C3A5C88B2279E89400BF77B2 /* AppDelegate.swift in Sources */,
			);
			runOnlyForDeploymentPostprocessing = 0;
		};
/* End PBXSourcesBuildPhase section */

/* Begin PBXVariantGroup section */
		C3A5C8902279E89600BF77B2 /* Main.storyboard */ = {
			isa = PBXVariantGroup;
			children = (
				C3A5C8912279E89600BF77B2 /* Base */,
			);
			name = Main.storyboard;
			sourceTree = "<group>";
		};
/* End PBXVariantGroup section */

/* Begin XCBuildConfiguration section */
		C3A5C8952279E89600BF77B2 /* Debug */ = {
			isa = XCBuildConfiguration;
			buildSettings = {
				ALWAYS_SEARCH_USER_PATHS = NO;
				CLANG_ANALYZER_NONNULL = YES;
				CLANG_ANALYZER_NUMBER_OBJECT_CONVERSION = YES_AGGRESSIVE;
				CLANG_CXX_LANGUAGE_STANDARD = "gnu++14";
				CLANG_CXX_LIBRARY = "libc++";
				CLANG_ENABLE_MODULES = YES;
				CLANG_ENABLE_OBJC_ARC = YES;
				CLANG_ENABLE_OBJC_WEAK = YES;
				CLANG_WARN_BLOCK_CAPTURE_AUTORELEASING = YES;
				CLANG_WARN_BOOL_CONVERSION = YES;
				CLANG_WARN_COMMA = YES;
				CLANG_WARN_CONSTANT_CONVERSION = YES;
				CLANG_WARN_DEPRECATED_OBJC_IMPLEMENTATIONS = YES;
				CLANG_WARN_DIRECT_OBJC_ISA_USAGE = YES_ERROR;
				CLANG_WARN_DOCUMENTATION_COMMENTS = YES;
				CLANG_WARN_EMPTY_BODY = YES;
				CLANG_WARN_ENUM_CONVERSION = YES;
				CLANG_WARN_INFINITE_RECURSION = YES;
				CLANG_WARN_INT_CONVERSION = YES;
				CLANG_WARN_NON_LITERAL_NULL_CONVERSION = YES;
				CLANG_WARN_OBJC_IMPLICIT_RETAIN_SELF = YES;
				CLANG_WARN_OBJC_LITERAL_CONVERSION = YES;
				CLANG_WARN_OBJC_ROOT_CLASS = YES_ERROR;
				CLANG_WARN_RANGE_LOOP_ANALYSIS = YES;
				CLANG_WARN_STRICT_PROTOTYPES = YES;
				CLANG_WARN_SUSPICIOUS_MOVE = YES;
				CLANG_WARN_UNGUARDED_AVAILABILITY = YES_AGGRESSIVE;
				CLANG_WARN_UNREACHABLE_CODE = YES;
				CLANG_WARN__DUPLICATE_METHOD_MATCH = YES;
				CODE_SIGN_IDENTITY = "-";
				COPY_PHASE_STRIP = NO;
				DEBUG_INFORMATION_FORMAT = dwarf;
				ENABLE_STRICT_OBJC_MSGSEND = YES;
				ENABLE_TESTABILITY = YES;
				GCC_C_LANGUAGE_STANDARD = gnu11;
				GCC_DYNAMIC_NO_PIC = NO;
				GCC_NO_COMMON_BLOCKS = YES;
				GCC_OPTIMIZATION_LEVEL = 0;
				GCC_PREPROCESSOR_DEFINITIONS = (
					"DEBUG=1",
					"$(inherited)",
				);
				GCC_WARN_64_TO_32_BIT_CONVERSION = YES;
				GCC_WARN_ABOUT_RETURN_TYPE = YES_ERROR;
				GCC_WARN_UNDECLARED_SELECTOR = YES;
				GCC_WARN_UNINITIALIZED_AUTOS = YES_AGGRESSIVE;
				GCC_WARN_UNUSED_FUNCTION = YES;
				GCC_WARN_UNUSED_VARIABLE = YES;
				MACOSX_DEPLOYMENT_TARGET = 10.13;
				MTL_ENABLE_DEBUG_INFO = INCLUDE_SOURCE;
				MTL_FAST_MATH = YES;
				ONLY_ACTIVE_ARCH = YES;
				SDKROOT = macosx;
				SWIFT_ACTIVE_COMPILATION_CONDITIONS = DEBUG;
				SWIFT_OPTIMIZATION_LEVEL = "-Onone";
			};
			name = Debug;
		};
		C3A5C8962279E89600BF77B2 /* Release */ = {
			isa = XCBuildConfiguration;
			buildSettings = {
				ALWAYS_SEARCH_USER_PATHS = NO;
				CLANG_ANALYZER_NONNULL = YES;
				CLANG_ANALYZER_NUMBER_OBJECT_CONVERSION = YES_AGGRESSIVE;
				CLANG_CXX_LANGUAGE_STANDARD = "gnu++14";
				CLANG_CXX_LIBRARY = "libc++";
				CLANG_ENABLE_MODULES = YES;
				CLANG_ENABLE_OBJC_ARC = YES;
				CLANG_ENABLE_OBJC_WEAK = YES;
				CLANG_WARN_BLOCK_CAPTURE_AUTORELEASING = YES;
				CLANG_WARN_BOOL_CONVERSION = YES;
				CLANG_WARN_COMMA = YES;
				CLANG_WARN_CONSTANT_CONVERSION = YES;
				CLANG_WARN_DEPRECATED_OBJC_IMPLEMENTATIONS = YES;
				CLANG_WARN_DIRECT_OBJC_ISA_USAGE = YES_ERROR;
				CLANG_WARN_DOCUMENTATION_COMMENTS = YES;
				CLANG_WARN_EMPTY_BODY = YES;
				CLANG_WARN_ENUM_CONVERSION = YES;
				CLANG_WARN_INFINITE_RECURSION = YES;
				CLANG_WARN_INT_CONVERSION = YES;
				CLANG_WARN_NON_LITERAL_NULL_CONVERSION = YES;
				CLANG_WARN_OBJC_IMPLICIT_RETAIN_SELF = YES;
				CLANG_WARN_OBJC_LITERAL_CONVERSION = YES;
				CLANG_WARN_OBJC_ROOT_CLASS = YES_ERROR;
				CLANG_WARN_RANGE_LOOP_ANALYSIS = YES;
				CLANG_WARN_STRICT_PROTOTYPES = YES;
				CLANG_WARN_SUSPICIOUS_MOVE = YES;
				CLANG_WARN_UNGUARDED_AVAILABILITY = YES_AGGRESSIVE;
				CLANG_WARN_UNREACHABLE_CODE = YES;
				CLANG_WARN__DUPLICATE_METHOD_MATCH = YES;
				CODE_SIGN_IDENTITY = "-";
				COPY_PHASE_STRIP = NO;
				DEBUG_INFORMATION_FORMAT = "dwarf-with-dsym";
				ENABLE_NS_ASSERTIONS = NO;
				ENABLE_STRICT_OBJC_MSGSEND = YES;
				GCC_C_LANGUAGE_STANDARD = gnu11;
				GCC_NO_COMMON_BLOCKS = YES;
				GCC_WARN_64_TO_32_BIT_CONVERSION = YES;
				GCC_WARN_ABOUT_RETURN_TYPE = YES_ERROR;
				GCC_WARN_UNDECLARED_SELECTOR = YES;
				GCC_WARN_UNINITIALIZED_AUTOS = YES_AGGRESSIVE;
				GCC_WARN_UNUSED_FUNCTION = YES;
				GCC_WARN_UNUSED_VARIABLE = YES;
				MACOSX_DEPLOYMENT_TARGET = 10.13;
				MTL_ENABLE_DEBUG_INFO = NO;
				MTL_FAST_MATH = YES;
				SDKROOT = macosx;
				SWIFT_COMPILATION_MODE = wholemodule;
				SWIFT_OPTIMIZATION_LEVEL = "-O";
			};
			name = Release;
		};
		C3A5C8982279E89600BF77B2 /* Debug */ = {
			isa = XCBuildConfiguration;
			baseConfigurationReference = 8AC4FBE71E63809CB12BF808 /* Pods-KubeSwitch.debug.xcconfig */;
			buildSettings = {
				ALWAYS_EMBED_SWIFT_STANDARD_LIBRARIES = "$(inherited)";
				ASSETCATALOG_COMPILER_APPICON_NAME = AppIcon;
				CODE_SIGN_IDENTITY = "Mac Developer";
				CODE_SIGN_STYLE = Automatic;
				COMBINE_HIDPI_IMAGES = YES;
				DEVELOPMENT_TEAM = B485R3V3QA;
				INFOPLIST_FILE = KubeSwitch/Info.plist;
				LD_RUNPATH_SEARCH_PATHS = (
					"$(inherited)",
					"@executable_path/../Frameworks",
				);
				PRODUCT_BUNDLE_IDENTIFIER = com.kubehive.KubeSwitch;
				PRODUCT_NAME = "$(TARGET_NAME)";
				PROVISIONING_PROFILE_SPECIFIER = "";
				SWIFT_SWIFT3_OBJC_INFERENCE = Off;
				SWIFT_VERSION = 4.2;
			};
			name = Debug;
		};
		C3A5C8992279E89600BF77B2 /* Release */ = {
			isa = XCBuildConfiguration;
			baseConfigurationReference = 1FF5038B5794241CAAD05FC2 /* Pods-KubeSwitch.release.xcconfig */;
			buildSettings = {
				ALWAYS_EMBED_SWIFT_STANDARD_LIBRARIES = "$(inherited)";
				ASSETCATALOG_COMPILER_APPICON_NAME = AppIcon;
				CODE_SIGN_IDENTITY = "Mac Developer";
				CODE_SIGN_STYLE = Automatic;
				COMBINE_HIDPI_IMAGES = YES;
				DEVELOPMENT_TEAM = B485R3V3QA;
				INFOPLIST_FILE = KubeSwitch/Info.plist;
				LD_RUNPATH_SEARCH_PATHS = (
					"$(inherited)",
					"@executable_path/../Frameworks",
				);
				PRODUCT_BUNDLE_IDENTIFIER = com.kubehive.KubeSwitch;
				PRODUCT_NAME = "$(TARGET_NAME)";
				PROVISIONING_PROFILE_SPECIFIER = "";
				SWIFT_SWIFT3_OBJC_INFERENCE = Off;
				SWIFT_VERSION = 4.2;
			};
			name = Release;
		};
/* End XCBuildConfiguration section */

/* Begin XCConfigurationList section */
		C3A5C8822279E89400BF77B2 /* Build configuration list for PBXProject "KubeSwitch" */ = {
			isa = XCConfigurationList;
			buildConfigurations = (
				C3A5C8952279E89600BF77B2 /* Debug */,
				C3A5C8962279E89600BF77B2 /* Release */,
			);
			defaultConfigurationIsVisible = 0;
			defaultConfigurationName = Release;
		};
		C3A5C8972279E89600BF77B2 /* Build configuration list for PBXNativeTarget "KubeSwitch" */ = {
			isa = XCConfigurationList;
			buildConfigurations = (
				C3A5C8982279E89600BF77B2 /* Debug */,
				C3A5C8992279E89600BF77B2 /* Release */,
			);
			defaultConfigurationIsVisible = 0;
			defaultConfigurationName = Release;
		};
/* End XCConfigurationList section */
	};
	rootObject = C3A5C87F2279E89400BF77B2 /* Project object */;
}
